
Microsoft Visual Studio Solution File, Format Version 12.00
# Visual Studio Version 17
VisualStudioVersion = 17.7.34202.233
MinimumVisualStudioVersion = 10.0.40219.1
Project("{9A19103F-16F7-4668-BE54-9A1E7A4F7556}") = "videoscriptAI", "videoscriptAI.csproj", "{B4D6F195-9A81-4453-A94F-B420DDE8AF95}"
EndProject
Global
	GlobalSection(SolutionConfigurationPlatforms) = preSolution
		Debug|Any CPU = Debug|Any CPU
		Release|Any CPU = Release|Any CPU
	EndGlobalSection
	GlobalSection(ProjectConfigurationPlatforms) = postSolution
		{B4D6F195-9A81-4453-A94F-B420DDE8AF95}.Debug|Any CPU.ActiveCfg = Debug|Any CPU
		{B4D6F195-9A81-4453-A94F-B420DDE8AF95}.Debug|Any CPU.Build.0 = Debug|Any CPU
		{B4D6F195-9A81-4453-A94F-B420DDE8AF95}.Release|Any CPU.ActiveCfg = Release|Any CPU
		{B4D6F195-9A81-4453-A94F-B420DDE8AF95}.Release|Any CPU.Build.0 = Release|Any CPU
	EndGlobalSection
	GlobalSection(SolutionProperties) = preSolution
		HideSolutionNode = FALSE
	EndGlobalSection
	GlobalSection(ExtensibilityGlobals) = postSolution
		SolutionGuid = {B5CB2A8B-5939-4895-A6EA-0E1F221E14F1}
	EndGlobalSection
EndGlobal
